
Microsoft Visual Studio Solution File, Format Version 12.00
# Visual Studio Version 17
VisualStudioVersion = 17.0.31903.59
MinimumVisualStudioVersion = 10.0.40219.1
Project("{2150E333-8FDC-42A3-9474-1A3956D46DE8}") = "src", "src", "{FFE15C0B-1020-47EB-A00B-23BEFBE558FD}"
EndProject
Project("{FAE04EC0-301F-11D3-BF4B-00C04F79EFBC}") = "WaterCounters.Core", "src\WaterCounters.Core\WaterCounters.Core.csproj", "{B40576F5-EB84-478E-ACFE-28E7D007A72D}"
EndProject
Project("{2150E333-8FDC-42A3-9474-1A3956D46DE8}") = "tests", "tests", "{2F1FA93F-5FB1-4771-B839-6DD09AD1BAD5}"
EndProject
Project("{FAE04EC0-301F-11D3-BF4B-00C04F79EFBC}") = "WaterCounters.Core.Tests", "tests\WaterCounters.Core.Tests\WaterCounters.Core.Tests.csproj", "{D86C6959-355A-47D5-B226-CE4C857AF334}"
EndProject
Project("{2150E333-8FDC-42A3-9474-1A3956D46DE8}") = "tools", "tools", "{5B64BE38-C628-471B-A70A-33800718E373}"
EndProject
Project("{FAE04EC0-301F-11D3-BF4B-00C04F79EFBC}") = "WaterCounters.DropboxSetup", "tools\WaterCounters.DropboxSetup\WaterCounters.DropboxSetup.csproj", "{8DF5208B-681A-4505-B074-C7578FFAB295}"
EndProject
Project("{FAE04EC0-301F-11D3-BF4B-00C04F79EFBC}") = "WaterCounters.Portal", "src\WaterCounters.Portal\WaterCounters.Portal.csproj", "{08DD3054-8D93-4780-9A5B-3D91ABF4B0C0}"
EndProject
Project("{FAE04EC0-301F-11D3-BF4B-00C04F79EFBC}") = "WaterCounters.Portal.Tests", "tests\WaterCounters.Portal.Tests\WaterCounters.Portal.Tests.csproj", "{07B57B72-FE7B-424A-A523-107B82D1F268}"
EndProject
Global
	GlobalSection(SolutionConfigurationPlatforms) = preSolution
		Debug|Any CPU = Debug|Any CPU
		Release|Any CPU = Release|Any CPU
	EndGlobalSection
	GlobalSection(SolutionProperties) = preSolution
		HideSolutionNode = FALSE
	EndGlobalSection
	GlobalSection(ProjectConfigurationPlatforms) = postSolution
		{B40576F5-EB84-478E-ACFE-28E7D007A72D}.Debug|Any CPU.ActiveCfg = Debug|Any CPU
		{B40576F5-EB84-478E-ACFE-28E7D007A72D}.Debug|Any CPU.Build.0 = Debug|Any CPU
		{B40576F5-EB84-478E-ACFE-28E7D007A72D}.Release|Any CPU.ActiveCfg = Release|Any CPU
		{B40576F5-EB84-478E-ACFE-28E7D007A72D}.Release|Any CPU.Build.0 = Release|Any CPU
		{D86C6959-355A-47D5-B226-CE4C857AF334}.Debug|Any CPU.ActiveCfg = Debug|Any CPU
		{D86C6959-355A-47D5-B226-CE4C857AF334}.Debug|Any CPU.Build.0 = Debug|Any CPU
		{D86C6959-355A-47D5-B226-CE4C857AF334}.Release|Any CPU.ActiveCfg = Release|Any CPU
		{D86C6959-355A-47D5-B226-CE4C857AF334}.Release|Any CPU.Build.0 = Release|Any CPU
		{8DF5208B-681A-4505-B074-C7578FFAB295}.Debug|Any CPU.ActiveCfg = Debug|Any CPU
		{8DF5208B-681A-4505-B074-C7578FFAB295}.Debug|Any CPU.Build.0 = Debug|Any CPU
		{8DF5208B-681A-4505-B074-C7578FFAB295}.Release|Any CPU.ActiveCfg = Release|Any CPU
		{8DF5208B-681A-4505-B074-C7578FFAB295}.Release|Any CPU.Build.0 = Release|Any CPU
		{08DD3054-8D93-4780-9A5B-3D91ABF4B0C0}.Debug|Any CPU.ActiveCfg = Debug|Any CPU
		{08DD3054-8D93-4780-9A5B-3D91ABF4B0C0}.Debug|Any CPU.Build.0 = Debug|Any CPU
		{08DD3054-8D93-4780-9A5B-3D91ABF4B0C0}.Release|Any CPU.ActiveCfg = Release|Any CPU
		{08DD3054-8D93-4780-9A5B-3D91ABF4B0C0}.Release|Any CPU.Build.0 = Release|Any CPU
		{07B57B72-FE7B-424A-A523-107B82D1F268}.Debug|Any CPU.ActiveCfg = Debug|Any CPU
		{07B57B72-FE7B-424A-A523-107B82D1F268}.Debug|Any CPU.Build.0 = Debug|Any CPU
		{07B57B72-FE7B-424A-A523-107B82D1F268}.Release|Any CPU.ActiveCfg = Release|Any CPU
		{07B57B72-FE7B-424A-A523-107B82D1F268}.Release|Any CPU.Build.0 = Release|Any CPU
	EndGlobalSection
	GlobalSection(NestedProjects) = preSolution
		{B40576F5-EB84-478E-ACFE-28E7D007A72D} = {FFE15C0B-1020-47EB-A00B-23BEFBE558FD}
		{D86C6959-355A-47D5-B226-CE4C857AF334} = {2F1FA93F-5FB1-4771-B839-6DD09AD1BAD5}
		{8DF5208B-681A-4505-B074-C7578FFAB295} = {5B64BE38-C628-471B-A70A-33800718E373}
		{08DD3054-8D93-4780-9A5B-3D91ABF4B0C0} = {FFE15C0B-1020-47EB-A00B-23BEFBE558FD}
		{07B57B72-FE7B-424A-A523-107B82D1F268} = {2F1FA93F-5FB1-4771-B839-6DD09AD1BAD5}
	EndGlobalSection
EndGlobal
